
Microsoft Visual Studio Solution File, Format Version 12.00
# Visual Studio Version 17
VisualStudioVersion = 17.11.35327.3
MinimumVisualStudioVersion = 10.0.40219.1
Project("{FAE04EC0-301F-11D3-BF4B-00C04F79EFBC}") = "ConsoleApp3", "ConsoleApp3\ConsoleApp3.csproj", "{EBE2F204-94B1-4317-8254-8301D9D8D07C}"
EndProject
Global
	GlobalSection(SolutionConfigurationPlatforms) = preSolution
		Debug|Any CPU = Debug|Any CPU
		Release|Any CPU = Release|Any CPU
	EndGlobalSection
	GlobalSection(ProjectConfigurationPlatforms) = postSolution
		{EBE2F204-94B1-4317-8254-8301D9D8D07C}.Debug|Any CPU.ActiveCfg = Debug|Any CPU
		{EBE2F204-94B1-4317-8254-8301D9D8D07C}.Debug|Any CPU.Build.0 = Debug|Any CPU
		{EBE2F204-94B1-4317-8254-8301D9D8D07C}.Release|Any CPU.ActiveCfg = Release|Any CPU
		{EBE2F204-94B1-4317-8254-8301D9D8D07C}.Release|Any CPU.Build.0 = Release|Any CPU
	EndGlobalSection
	GlobalSection(SolutionProperties) = preSolution
		HideSolutionNode = FALSE
	EndGlobalSection
	GlobalSection(ExtensibilityGlobals) = postSolution
		SolutionGuid = {A931E2E3-3EA7-417F-9FF6-1F054FF9ADBF}
	EndGlobalSection
EndGlobal
